<?xml version="1.0" encoding="utf-8"?>
<Project ToolsVersion="4.0" xmlns="http://schemas.microsoft.com/developer/msbuild/2003">
  <ItemGroup>
    <Filter Include="Source Files">
      <UniqueIdentifier>{4FC737F1-C7A5-4376-A066-2A32D752A2FF}</UniqueIdentifier>
      <Extensions>cpp;c;cc;cxx;def;odl;idl;hpj;bat;asm;asmx</Extensions>
    </Filter>
    <Filter Include="Header Files">
      <UniqueIdentifier>{93995380-89BD-4b04-88EB-625FBE52EBFB}</UniqueIdentifier>
      <Extensions>h;hh;hpp;hxx;hm;inl;inc;xsd</Extensions>
    </Filter>
    <Filter Include="Resource Files">
      <UniqueIdentifier>{67DA6AB6-F800-4c08-8B7A-83BB121AAD01}</UniqueIdentifier>
      <Extensions>rc;ico;cur;bmp;dlg;rc2;rct;bin;rgs;gif;jpg;jpeg;jpe;resx;tiff;tif;png;wav;mfcribbon-ms</Extensions>
    </Filter>
    <Filter Include="Source Files\Math">
      <UniqueIdentifier>{04a38a65-fc18-4f22-9d6d-b618e9ba0107}</UniqueIdentifier>
    </Filter>
    <Filter Include="Source Files\Core">
      <UniqueIdentifier>{2f86bb70-9454-4d27-9c9d-9be0a20c0a28}</UniqueIdentifier>
    </Filter>
    <Filter Include="Source Files\SceneRelated">
      <UniqueIdentifier>{2167cf1d-c366-4863-8db1-a1266fa27ce2}</UniqueIdentifier>
    </Filter>
    <Filter Include="Source Files\Auxiliar">
      <UniqueIdentifier>{601c4d9f-ad43-480e-aa46-821bcfaf11b3}</UniqueIdentifier>
    </Filter>
    <Filter Include="Source Files\NotBeingUsed">
      <UniqueIdentifier>{bcd39594-6bce-4ee7-b572-59ca89b13649}</UniqueIdentifier>
    </Filter>
    <Filter Include="Source Files\Objects">
      <UniqueIdentifier>{dc35028e-e8f8-4e75-8ccc-b04c1029d1fc}</UniqueIdentifier>
    </Filter>
    <Filter Include="Header Files\Auxiliar">
      <UniqueIdentifier>{91bf92ff-f79c-477c-ab15-13d08a9ccac4}</UniqueIdentifier>
    </Filter>
    <Filter Include="Header Files\Core">
      <UniqueIdentifier>{60a8b38c-3328-4840-9879-ade737435f56}</UniqueIdentifier>
    </Filter>
    <Filter Include="Header Files\Math">
      <UniqueIdentifier>{d30436a1-1841-46cc-835a-b43c979718cd}</UniqueIdentifier>
    </Filter>
    <Filter Include="Header Files\NotBeingUsed">
      <UniqueIdentifier>{9e188369-064e-4b29-b056-545510be791c}</UniqueIdentifier>
    </Filter>
    <Filter Include="Header Files\Objects">
      <UniqueIdentifier>{eeadce4a-ceee-4089-8e4a-bf81f9a1e90a}</UniqueIdentifier>
    </Filter>
    <Filter Include="Header Files\SceneRelated">
      <UniqueIdentifier>{cf1fa361-1e17-4f9a-b51e-d36d249071f7}</UniqueIdentifier>
    </Filter>
    <Filter Include="Header Files\NotOurs">
      <UniqueIdentifier>{4cf1a532-a242-40b8-8b5e-58862d73a895}</UniqueIdentifier>
    </Filter>
    <Filter Include="Source Files\Objects\SpecificObjects">
      <UniqueIdentifier>{37639aa8-7e0a-4ca0-ab85-8ab80dd36cb9}</UniqueIdentifier>
    </Filter>
    <Filter Include="Header Files\Objects\SpecificObject">
      <UniqueIdentifier>{e30206cd-d84e-4dc9-8fba-44d2df3dec16}</UniqueIdentifier>
    </Filter>
    <Filter Include="Source Files\SimulationManager">
      <UniqueIdentifier>{0b48b655-0997-4e99-97fc-51c92d74d691}</UniqueIdentifier>
    </Filter>
    <Filter Include="Header Files\SimulationManager">
      <UniqueIdentifier>{0f8bec09-efbb-4841-8850-40673d3da2d9}</UniqueIdentifier>
    </Filter>
    <Filter Include="Header Files\Render">
      <UniqueIdentifier>{02d643b5-ff17-469a-9eed-826c9701c913}</UniqueIdentifier>
    </Filter>
  </ItemGroup>
  <ItemGroup>
    <ClCompile Include="src\main.cpp">
      <Filter>Source Files</Filter>
    </ClCompile>
    <ClCompile Include="src\Vec2.cpp">
      <Filter>Source Files\Math</Filter>
    </ClCompile>
    <ClCompile Include="src\Vec3.cpp">
      <Filter>Source Files\Math</Filter>
    </ClCompile>
    <ClCompile Include="src\Vec4.cpp">
      <Filter>Source Files\Math</Filter>
    </ClCompile>
    <ClCompile Include="src\Mat3.cpp">
      <Filter>Source Files\Math</Filter>
    </ClCompile>
    <ClCompile Include="src\Mat4.cpp">
      <Filter>Source Files\Math</Filter>
    </ClCompile>
    <ClCompile Include="src\Quat.cpp">
      <Filter>Source Files\Math</Filter>
    </ClCompile>
    <ClCompile Include="src\Application.cpp">
      <Filter>Source Files\Core</Filter>
    </ClCompile>
    <ClCompile Include="src\OpenGLError.cpp">
      <Filter>Source Files\Core</Filter>
    </ClCompile>
    <ClCompile Include="src\Renderer.cpp">
      <Filter>Source Files\Core</Filter>
    </ClCompile>
    <ClCompile Include="src\Window.cpp">
      <Filter>Source Files\Core</Filter>
    </ClCompile>
    <ClCompile Include="src\Camera.cpp">
      <Filter>Source Files\SceneRelated</Filter>
    </ClCompile>
    <ClCompile Include="src\SceneManager.cpp">
      <Filter>Source Files\SceneRelated</Filter>
    </ClCompile>
    <ClCompile Include="src\SceneNode.cpp">
      <Filter>Source Files\SceneRelated</Filter>
    </ClCompile>
    <ClCompile Include="src\MathUtils.cpp">
      <Filter>Source Files\Math</Filter>
    </ClCompile>
    <ClCompile Include="src\OBJLoader.cpp">
      <Filter>Source Files\Auxiliar</Filter>
    </ClCompile>
    <ClCompile Include="src\Shader.cpp">
      <Filter>Source Files\Auxiliar</Filter>
    </ClCompile>
    <ClCompile Include="src\StringUtils.cpp">
      <Filter>Source Files\NotBeingUsed</Filter>
    </ClCompile>
    <ClCompile Include="src\Keyboard.cpp">
      <Filter>Source Files\Auxiliar</Filter>
    </ClCompile>
    <ClCompile Include="src\Entity.cpp">
      <Filter>Source Files\NotBeingUsed</Filter>
    </ClCompile>
    <ClCompile Include="src\Material.cpp">
      <Filter>Source Files\Objects</Filter>
    </ClCompile>
    <ClCompile Include="src\Mesh.cpp">
      <Filter>Source Files\Objects</Filter>
    </ClCompile>
    <ClCompile Include="src\Model.cpp">
      <Filter>Source Files\Objects</Filter>
    </ClCompile>
    <ClCompile Include="src\Timer.cpp">
      <Filter>Source Files\NotBeingUsed</Filter>
    </ClCompile>
    <ClCompile Include="src\Texture.cpp">
      <Filter>Source Files\Auxiliar</Filter>
    </ClCompile>
    <ClCompile Include="src\Quad.cpp">
      <Filter>Source Files\Objects\SpecificObjects</Filter>
    </ClCompile>
    <ClCompile Include="src\SkyBox.cpp">
      <Filter>Source Files\Objects\SpecificObjects</Filter>
    </ClCompile>
    <ClCompile Include="RenderTarget.cpp">
      <Filter>Source Files</Filter>
    </ClCompile>
    <ClCompile Include="src\imgui.cpp">
      <Filter>Source Files</Filter>
    </ClCompile>
    <ClCompile Include="src\imgui_demo.cpp">
      <Filter>Source Files</Filter>
    </ClCompile>
    <ClCompile Include="src\imgui_draw.cpp">
      <Filter>Source Files</Filter>
    </ClCompile>
    <ClCompile Include="src\EditorGUI.cpp">
      <Filter>Source Files</Filter>
    </ClCompile>
    <ClCompile Include="src\imgui_GLFW.cpp">
      <Filter>Source Files</Filter>
    </ClCompile>
    <ClCompile Include="src\Simulation\Cloud.cpp">
      <Filter>Source Files\SimulationManager</Filter>
    </ClCompile>
    <ClCompile Include="src\Simulation\SimManager.cpp">
      <Filter>Source Files\SimulationManager</Filter>
    </ClCompile>
    <ClCompile Include="src\Simulation\SimData.cpp">
      <Filter>Source Files\SimulationManager</Filter>
    </ClCompile>
    <ClCompile Include="src\Simulation\Cube.cpp">
      <Filter>Source Files\SimulationManager</Filter>
    </ClCompile>
    <ClCompile Include="src\Simulation\CloudRenderManager.cpp">
      <Filter>Source Files\SimulationManager</Filter>
    </ClCompile>
    <ClCompile Include="src\Simulation\Shader2.cpp">
      <Filter>Source Files\SimulationManager</Filter>
    </ClCompile>
  </ItemGroup>
  <ItemGroup>
    <ClInclude Include="include\Application.h">
      <Filter>Header Files\Core</Filter>
    </ClInclude>
    <ClInclude Include="include\Camera.h">
      <Filter>Header Files\SceneRelated</Filter>
    </ClInclude>
    <ClInclude Include="include\Entity.h">
      <Filter>Header Files\NotBeingUsed</Filter>
    </ClInclude>
    <ClInclude Include="include\Keyboard.h">
      <Filter>Header Files\Auxiliar</Filter>
    </ClInclude>
    <ClInclude Include="Mat2.h">
      <Filter>Header Files\Math</Filter>
    </ClInclude>
    <ClInclude Include="include\Mat4.h">
      <Filter>Header Files\Math</Filter>
    </ClInclude>
    <ClInclude Include="include\Mat3.h">
      <Filter>Header Files\Math</Filter>
    </ClInclude>
    <ClInclude Include="include\Quat.h">
      <Filter>Header Files\Math</Filter>
    </ClInclude>
    <ClInclude Include="include\Renderer.h">
      <Filter>Header Files\Core</Filter>
    </ClInclude>
    <ClInclude Include="include\Shader.h">
      <Filter>Header Files\Auxiliar</Filter>
    </ClInclude>
    <ClInclude Include="include\Vec4.h">
      <Filter>Header Files\Math</Filter>
    </ClInclude>
    <ClInclude Include="include\Vec2.h">
      <Filter>Header Files\Math</Filter>
    </ClInclude>
    <ClInclude Include="include\Vec3.h">
      <Filter>Header Files\Math</Filter>
    </ClInclude>
    <ClInclude Include="include\Window.h">
      <Filter>Header Files\Core</Filter>
    </ClInclude>
    <ClInclude Include="include\Material.h">
      <Filter>Header Files\Objects</Filter>
    </ClInclude>
    <ClInclude Include="include\Mesh.h">
      <Filter>Header Files\Objects</Filter>
    </ClInclude>
    <ClInclude Include="include\Model.h">
      <Filter>Header Files\Objects</Filter>
    </ClInclude>
    <ClInclude Include="include\OBJLoader.h">
      <Filter>Header Files\Auxiliar</Filter>
    </ClInclude>
    <ClInclude Include="include\MathUtils.h">
      <Filter>Header Files\Math</Filter>
    </ClInclude>
    <ClInclude Include="include\SceneManager.h">
      <Filter>Header Files\SceneRelated</Filter>
    </ClInclude>
    <ClInclude Include="include\SceneNode.h">
      <Filter>Header Files\SceneRelated</Filter>
    </ClInclude>
    <ClInclude Include="include\OpenGLError.h">
      <Filter>Header Files\Core</Filter>
    </ClInclude>
    <ClInclude Include="include\StringUtils.h">
      <Filter>Header Files\NotBeingUsed</Filter>
    </ClInclude>
    <ClInclude Include="include\Timer.h">
      <Filter>Header Files\NotBeingUsed</Filter>
    </ClInclude>
    <ClInclude Include="include\stb_image.h">
      <Filter>Header Files\NotOurs</Filter>
    </ClInclude>
    <ClInclude Include="include\Texture.h">
      <Filter>Header Files\Auxiliar</Filter>
    </ClInclude>
    <ClInclude Include="include\Quad.h">
      <Filter>Header Files\Objects\SpecificObject</Filter>
    </ClInclude>
    <ClInclude Include="include\SkyBox.h">
      <Filter>Header Files\Objects\SpecificObject</Filter>
    </ClInclude>
    <ClInclude Include="RenderTarget.h">
      <Filter>Header Files</Filter>
    </ClInclude>
    <ClInclude Include="include\imgui.h">
      <Filter>Header Files</Filter>
    </ClInclude>
    <ClInclude Include="include\imconfig.h">
      <Filter>Header Files</Filter>
    </ClInclude>
    <ClInclude Include="include\imgui_internal.h">
      <Filter>Header Files</Filter>
    </ClInclude>
    <ClInclude Include="include\stb_rect_pack.h">
      <Filter>Header Files</Filter>
    </ClInclude>
    <ClInclude Include="include\stb_textedit.h">
      <Filter>Header Files</Filter>
    </ClInclude>
    <ClInclude Include="include\stb_truetype.h">
      <Filter>Header Files</Filter>
    </ClInclude>
    <ClInclude Include="include\EditorGUI.h">
      <Filter>Header Files</Filter>
    </ClInclude>
    <ClInclude Include="include\imgui_GLFW.h">
      <Filter>Header Files</Filter>
    </ClInclude>
    <ClInclude Include="src\Simulation\SimManager.h">
      <Filter>Header Files\SimulationManager</Filter>
    </ClInclude>
    <ClInclude Include="src\Simulation\Cloud.h">
      <Filter>Header Files\SimulationManager</Filter>
    </ClInclude>
    <ClInclude Include="src\Simulation\SimData.h">
      <Filter>Header Files\SimulationManager</Filter>
    </ClInclude>
    <ClInclude Include="src\Simulation\SOIL.h">
      <Filter>Source Files\SimulationManager</Filter>
    </ClInclude>
    <ClInclude Include="src\Simulation\CloudRenderManager.h">
      <Filter>Header Files\SimulationManager</Filter>
    </ClInclude>
    <ClInclude Include="src\Simulation\Cube.h">
      <Filter>Header Files\SimulationManager</Filter>
    </ClInclude>
    <ClInclude Include="src\Simulation\Shader2.h">
      <Filter>Header Files\SimulationManager</Filter>
    </ClInclude>
  </ItemGroup>
</Project>