<?xml version="1.0" encoding="utf-8"?>
<Project ToolsVersion="4.0" xmlns="http://schemas.microsoft.com/developer/msbuild/2003">
  <ItemGroup>
    <Filter Include="Source Files">
      <UniqueIdentifier>{4FC737F1-C7A5-4376-A066-2A32D752A2FF}</UniqueIdentifier>
      <Extensions>cpp;c;cc;cxx;def;odl;idl;hpj;bat;asm;asmx</Extensions>
    </Filter>
    <Filter Include="Header Files">
      <UniqueIdentifier>{93995380-89BD-4b04-88EB-625FBE52EBFB}</UniqueIdentifier>
      <Extensions>h;hh;hpp;hxx;hm;inl;inc;xsd</Extensions>
    </Filter>
    <Filter Include="Resource Files">
      <UniqueIdentifier>{67DA6AB6-F800-4c08-8B7A-83BB121AAD01}</UniqueIdentifier>
      <Extensions>rc;ico;cur;bmp;dlg;rc2;rct;bin;rgs;gif;jpg;jpeg;jpe;resx;tiff;tif;png;wav;mfcribbon-ms</Extensions>
    </Filter>
    <Filter Include="Header Files\LegacyCode">
      <UniqueIdentifier>{b75795e4-eb02-485a-88fc-f7a9b3f25ec8}</UniqueIdentifier>
    </Filter>
    <Filter Include="Header Files\Clouds">
      <UniqueIdentifier>{0f8bec09-efbb-4841-8850-40673d3da2d9}</UniqueIdentifier>
    </Filter>
    <Filter Include="Header Files\Clouds\Math">
      <UniqueIdentifier>{d30436a1-1841-46cc-835a-b43c979718cd}</UniqueIdentifier>
    </Filter>
    <Filter Include="Header Files\Clouds\Automata&amp;Data">
      <UniqueIdentifier>{b55d978d-8c59-452b-8449-7490913fff09}</UniqueIdentifier>
    </Filter>
    <Filter Include="Header Files\Clouds\RenderStuff">
      <UniqueIdentifier>{4b35c06a-5b65-46aa-b76c-ce591a3af35f}</UniqueIdentifier>
    </Filter>
    <Filter Include="Source Files\LegacyCode">
      <UniqueIdentifier>{3f0f5011-7a6a-492a-8f4f-feb89188ab93}</UniqueIdentifier>
    </Filter>
    <Filter Include="Source Files\Clouds">
      <UniqueIdentifier>{aa903bd5-6e64-400f-91c8-a70bc7f89e33}</UniqueIdentifier>
    </Filter>
    <Filter Include="Source Files\Clouds\Math">
      <UniqueIdentifier>{04a38a65-fc18-4f22-9d6d-b618e9ba0107}</UniqueIdentifier>
    </Filter>
    <Filter Include="Header Files\Other">
      <UniqueIdentifier>{9283d479-5905-4ee6-a032-50b3cf85452e}</UniqueIdentifier>
    </Filter>
    <Filter Include="Source Files\Clouds\Automata&amp;Data">
      <UniqueIdentifier>{ddfd1293-f37b-40cc-89dc-cc1a5d97bff7}</UniqueIdentifier>
    </Filter>
    <Filter Include="Source Files\Clouds\RenderStuff">
      <UniqueIdentifier>{e148379f-7e6b-4eab-8966-5682001a1ddf}</UniqueIdentifier>
    </Filter>
    <Filter Include="Source Files\Other">
      <UniqueIdentifier>{2a4ef4ed-4ca2-4f46-be09-8232cd8cf811}</UniqueIdentifier>
    </Filter>
  </ItemGroup>
  <ItemGroup>
    <ClCompile Include="src\Vec2.cpp">
      <Filter>Source Files\Clouds\Math</Filter>
    </ClCompile>
    <ClCompile Include="src\Vec3.cpp">
      <Filter>Source Files\Clouds\Math</Filter>
    </ClCompile>
    <ClCompile Include="src\Vec4.cpp">
      <Filter>Source Files\Clouds\Math</Filter>
    </ClCompile>
    <ClCompile Include="src\Mat3.cpp">
      <Filter>Source Files\Clouds\Math</Filter>
    </ClCompile>
    <ClCompile Include="src\Mat4.cpp">
      <Filter>Source Files\Clouds\Math</Filter>
    </ClCompile>
    <ClCompile Include="src\Quat.cpp">
      <Filter>Source Files\Clouds\Math</Filter>
    </ClCompile>
    <ClCompile Include="src\MathUtils.cpp">
      <Filter>Source Files\Clouds\Math</Filter>
    </ClCompile>
    <ClCompile Include="src\Keyboard.cpp">
      <Filter>Source Files\LegacyCode</Filter>
    </ClCompile>
    <ClCompile Include="src\OBJLoader.cpp">
      <Filter>Source Files\LegacyCode</Filter>
    </ClCompile>
    <ClCompile Include="src\Shader.cpp">
      <Filter>Source Files\LegacyCode</Filter>
    </ClCompile>
    <ClCompile Include="src\Texture.cpp">
      <Filter>Source Files\LegacyCode</Filter>
    </ClCompile>
    <ClCompile Include="src\Application.cpp">
      <Filter>Source Files\LegacyCode</Filter>
    </ClCompile>
    <ClCompile Include="src\OpenGLError.cpp">
      <Filter>Source Files\LegacyCode</Filter>
    </ClCompile>
    <ClCompile Include="src\Renderer.cpp">
      <Filter>Source Files\LegacyCode</Filter>
    </ClCompile>
    <ClCompile Include="src\Window.cpp">
      <Filter>Source Files\LegacyCode</Filter>
    </ClCompile>
    <ClCompile Include="src\Entity.cpp">
      <Filter>Source Files\LegacyCode</Filter>
    </ClCompile>
    <ClCompile Include="src\StringUtils.cpp">
      <Filter>Source Files\LegacyCode</Filter>
    </ClCompile>
    <ClCompile Include="src\Timer.cpp">
      <Filter>Source Files\LegacyCode</Filter>
    </ClCompile>
    <ClCompile Include="src\Material.cpp">
      <Filter>Source Files\LegacyCode</Filter>
    </ClCompile>
    <ClCompile Include="src\SceneManager.cpp">
      <Filter>Source Files\LegacyCode</Filter>
    </ClCompile>
    <ClCompile Include="src\SceneNode.cpp">
      <Filter>Source Files\LegacyCode</Filter>
    </ClCompile>
    <ClCompile Include="src\Quad.cpp">
      <Filter>Source Files\LegacyCode</Filter>
    </ClCompile>
    <ClCompile Include="src\main.cpp">
      <Filter>Source Files\Clouds</Filter>
    </ClCompile>
    <ClCompile Include="src\Mesh.cpp">
      <Filter>Source Files\LegacyCode</Filter>
    </ClCompile>
    <ClCompile Include="src\Model.cpp">
      <Filter>Source Files\LegacyCode</Filter>
    </ClCompile>
    <ClCompile Include="src\Simulation\SimManager.cpp">
      <Filter>Source Files\Clouds\Automata&amp;Data</Filter>
    </ClCompile>
    <ClCompile Include="src\Simulation\SimData.cpp">
      <Filter>Source Files\Clouds\Automata&amp;Data</Filter>
    </ClCompile>
    <ClCompile Include="src\Simulation\Cloud.cpp">
      <Filter>Source Files\Clouds\Automata&amp;Data</Filter>
    </ClCompile>
    <ClCompile Include="src\Simulation\CloudRenderManager.cpp">
      <Filter>Source Files\Clouds\RenderStuff</Filter>
    </ClCompile>
    <ClCompile Include="src\Camera.cpp">
      <Filter>Source Files\Clouds\RenderStuff</Filter>
    </ClCompile>
    <ClCompile Include="src\Simulation\Cube.cpp">
      <Filter>Source Files\Clouds\RenderStuff</Filter>
    </ClCompile>
    <ClCompile Include="src\Simulation\Shader2.cpp">
      <Filter>Source Files\Clouds\RenderStuff</Filter>
    </ClCompile>
    <ClCompile Include="RenderTarget.cpp">
      <Filter>Source Files\Other</Filter>
    </ClCompile>
    <ClCompile Include="src\LightShafts.cpp">
      <Filter>Source Files</Filter>
    </ClCompile>
  </ItemGroup>
  <ItemGroup>
    <ClInclude Include="Mat2.h">
      <Filter>Header Files\Clouds\Math</Filter>
    </ClInclude>
    <ClInclude Include="include\Mat4.h">
      <Filter>Header Files\Clouds\Math</Filter>
    </ClInclude>
    <ClInclude Include="include\Mat3.h">
      <Filter>Header Files\Clouds\Math</Filter>
    </ClInclude>
    <ClInclude Include="include\Quat.h">
      <Filter>Header Files\Clouds\Math</Filter>
    </ClInclude>
    <ClInclude Include="include\Vec4.h">
      <Filter>Header Files\Clouds\Math</Filter>
    </ClInclude>
    <ClInclude Include="include\Vec2.h">
      <Filter>Header Files\Clouds\Math</Filter>
    </ClInclude>
    <ClInclude Include="include\Vec3.h">
      <Filter>Header Files\Clouds\Math</Filter>
    </ClInclude>
    <ClInclude Include="include\MathUtils.h">
      <Filter>Header Files\Clouds\Math</Filter>
    </ClInclude>
    <ClInclude Include="include\Application.h">
      <Filter>Header Files\LegacyCode</Filter>
    </ClInclude>
    <ClInclude Include="include\Window.h">
      <Filter>Header Files\LegacyCode</Filter>
    </ClInclude>
    <ClInclude Include="include\Renderer.h">
      <Filter>Header Files\LegacyCode</Filter>
    </ClInclude>
    <ClInclude Include="include\OpenGLError.h">
      <Filter>Header Files\LegacyCode</Filter>
    </ClInclude>
    <ClInclude Include="include\Timer.h">
      <Filter>Header Files\LegacyCode</Filter>
    </ClInclude>
    <ClInclude Include="include\Entity.h">
      <Filter>Header Files\LegacyCode</Filter>
    </ClInclude>
    <ClInclude Include="include\Keyboard.h">
      <Filter>Header Files\LegacyCode</Filter>
    </ClInclude>
    <ClInclude Include="include\OBJLoader.h">
      <Filter>Header Files\LegacyCode</Filter>
    </ClInclude>
    <ClInclude Include="include\Shader.h">
      <Filter>Header Files\LegacyCode</Filter>
    </ClInclude>
    <ClInclude Include="include\StringUtils.h">
      <Filter>Header Files\LegacyCode</Filter>
    </ClInclude>
    <ClInclude Include="include\Texture.h">
      <Filter>Header Files\LegacyCode</Filter>
    </ClInclude>
    <ClInclude Include="include\Quad.h">
      <Filter>Header Files\LegacyCode</Filter>
    </ClInclude>
    <ClInclude Include="include\Material.h">
      <Filter>Header Files\LegacyCode</Filter>
    </ClInclude>
    <ClInclude Include="include\Mesh.h">
      <Filter>Header Files\LegacyCode</Filter>
    </ClInclude>
    <ClInclude Include="include\Model.h">
      <Filter>Header Files\LegacyCode</Filter>
    </ClInclude>
    <ClInclude Include="include\SceneManager.h">
      <Filter>Header Files\LegacyCode</Filter>
    </ClInclude>
    <ClInclude Include="include\SceneNode.h">
      <Filter>Header Files\LegacyCode</Filter>
    </ClInclude>
    <ClInclude Include="src\Simulation\SimData.h">
      <Filter>Header Files\Clouds\Automata&amp;Data</Filter>
    </ClInclude>
    <ClInclude Include="src\Simulation\SimManager.h">
      <Filter>Header Files\Clouds\Automata&amp;Data</Filter>
    </ClInclude>
    <ClInclude Include="src\Simulation\CloudRenderManager.h">
      <Filter>Header Files\Clouds\RenderStuff</Filter>
    </ClInclude>
    <ClInclude Include="include\Camera.h">
      <Filter>Header Files\Clouds\RenderStuff</Filter>
    </ClInclude>
    <ClInclude Include="src\Simulation\Cloud.h">
      <Filter>Header Files\Clouds\Automata&amp;Data</Filter>
    </ClInclude>
    <ClInclude Include="src\Simulation\Cube.h">
      <Filter>Header Files\Clouds\RenderStuff</Filter>
    </ClInclude>
    <ClInclude Include="src\Simulation\Shader2.h">
      <Filter>Header Files\Clouds\RenderStuff</Filter>
    </ClInclude>
    <ClInclude Include="RenderTarget.h">
      <Filter>Header Files\Other</Filter>
    </ClInclude>
    <ClInclude Include="src\Simulation\SOIL.h">
      <Filter>Source Files\Other</Filter>
    </ClInclude>
    <ClInclude Include="include\LightShafts.h">
      <Filter>Header Files</Filter>
    </ClInclude>
  </ItemGroup>
</Project>